<Solution>
  <Folder Name="/src/">
    <Project Path="src/DunorGames.WebApi/DunorGames.WebApi.csproj" />
    <Project Path="src/DunorGames.Business/DunorGames.Business.csproj" />
    <Project Path="src/DunorGames.Data/DunorGames.Data.csproj" />
  </Folder>
  <Folder Name="/tests/">
    <Project Path="tests/DunorGames.Api.Tests/DunorGames.Api.Tests.csproj" />
  </Folder>
</Solution>
